// !$*UTF8*$!
{
	archiveVersion = 1;
	classes = {
	};
	objectVersion = 46;
	objects = {

/* Begin PBXBuildFile section */
		FAD3036B2045D99200B78B24 /* AppDelegate.swift in Sources */ = {isa = PBXBuildFile; fileRef = FAD3036A2045D99200B78B24 /* AppDelegate.swift */; };
		FAD3036D2045D99200B78B24 /* ViewController.swift in Sources */ = {isa = PBXBuildFile; fileRef = FAD3036C2045D99200B78B24 /* ViewController.swift */; };
		FAD303702045D99200B78B24 /* Main.storyboard in Resources */ = {isa = PBXBuildFile; fileRef = FAD3036E2045D99200B78B24 /* Main.storyboard */; };
		FAD303722045D99200B78B24 /* Assets.xcassets in Resources */ = {isa = PBXBuildFile; fileRef = FAD303712045D99200B78B24 /* Assets.xcassets */; };
		FAD303752045D99200B78B24 /* LaunchScreen.storyboard in Resources */ = {isa = PBXBuildFile; fileRef = FAD303732045D99200B78B24 /* LaunchScreen.storyboard */; };
/* End PBXBuildFile section */

/* Begin PBXFileReference section */
		FAD303672045D99200B78B24 /* SaveTheKittensExceptTheHairlessOnes.app */ = {isa = PBXFileReference; explicitFileType = wrapper.application; includeInIndex = 0; path = SaveTheKittensExceptTheHairlessOnes.app; sourceTree = BUILT_PRODUCTS_DIR; };
		FAD3036A2045D99200B78B24 /* AppDelegate.swift */ = {isa = PBXFileReference; lastKnownFileType = sourcecode.swift; path = AppDelegate.swift; sourceTree = "<group>"; };
		FAD3036C2045D99200B78B24 /* ViewController.swift */ = {isa = PBXFileReference; lastKnownFileType = sourcecode.swift; path = ViewController.swift; sourceTree = "<group>"; };
		FAD3036F2045D99200B78B24 /* Base */ = {isa = PBXFileReference; lastKnownFileType = file.storyboard; name = Base; path = Base.lproj/Main.storyboard; sourceTree = "<group>"; };
		FAD303712045D99200B78B24 /* Assets.xcassets */ = {isa = PBXFileReference; lastKnownFileType = folder.assetcatalog; path = Assets.xcassets; sourceTree = "<group>"; };
		FAD303742045D99200B78B24 /* Base */ = {isa = PBXFileReference; lastKnownFileType = file.storyboard; name = Base; path = Base.lproj/LaunchScreen.storyboard; sourceTree = "<group>"; };
		FAD303762045D99200B78B24 /* Info.plist */ = {isa = PBXFileReference; lastKnownFileType = text.plist.xml; path = Info.plist; sourceTree = "<group>"; };
/* End PBXFileReference section */

/* Begin PBXFrameworksBuildPhase section */
		FAD303642045D99200B78B24 /* Frameworks */ = {
			isa = PBXFrameworksBuildPhase;
			buildActionMask = 2147483647;
			files = (
			);
			runOnlyForDeploymentPostprocessing = 0;
		};
/* End PBXFrameworksBuildPhase section */

/* Begin PBXGroup section */
		FAD3035E2045D99200B78B24 = {
			isa = PBXGroup;
			children = (
				FAD303692045D99200B78B24 /* SaveTheKittensExceptTheHairlessOnes */,
				FAD303682045D99200B78B24 /* Products */,
			);
			sourceTree = "<group>";
		};
		FAD303682045D99200B78B24 /* Products */ = {
			isa = PBXGroup;
			children = (
				FAD303672045D99200B78B24 /* SaveTheKittensExceptTheHairlessOnes.app */,
			);
			name = Products;
			sourceTree = "<group>";
		};
		FAD303692045D99200B78B24 /* SaveTheKittensExceptTheHairlessOnes */ = {
			isa = PBXGroup;
			children = (
				FAD3036A2045D99200B78B24 /* AppDelegate.swift */,
				FAD3036C2045D99200B78B24 /* ViewController.swift */,
				FAD3036E2045D99200B78B24 /* Main.storyboard */,
				FAD303712045D99200B78B24 /* Assets.xcassets */,
				FAD303732045D99200B78B24 /* LaunchScreen.storyboard */,
				FAD303762045D99200B78B24 /* Info.plist */,
			);
			path = SaveTheKittensExceptTheHairlessOnes;
			sourceTree = "<group>";
		};
/* End PBXGroup section */

/* Begin PBXNativeTarget section */
		FAD303662045D99200B78B24 /* SaveTheKittensExceptTheHairlessOnes */ = {
			isa = PBXNativeTarget;
			buildConfigurationList = FAD303792045D99200B78B24 /* Build configuration list for PBXNativeTarget "SaveTheKittensExceptTheHairlessOnes" */;
			buildPhases = (
				FAD303632045D99200B78B24 /* Sources */,
				FAD303642045D99200B78B24 /* Frameworks */,
				FAD303652045D99200B78B24 /* Resources */,
			);
			buildRules = (
			);
			dependencies = (
			);
			name = SaveTheKittensExceptTheHairlessOnes;
			productName = SaveTheKittensExceptTheHairlessOnes;
			productReference = FAD303672045D99200B78B24 /* SaveTheKittensExceptTheHairlessOnes.app */;
			productType = "com.apple.product-type.application";
		};
/* End PBXNativeTarget section */

/* Begin PBXProject section */
		FAD3035F2045D99200B78B24 /* Project object */ = {
			isa = PBXProject;
			attributes = {
				LastSwiftUpdateCheck = 0830;
				LastUpgradeCheck = 0830;
				ORGANIZATIONNAME = Shaheen;
				TargetAttributes = {
					FAD303662045D99200B78B24 = {
						CreatedOnToolsVersion = 8.3.3;
						DevelopmentTeam = LM67982NF5;
						ProvisioningStyle = Automatic;
					};
				};
			};
			buildConfigurationList = FAD303622045D99200B78B24 /* Build configuration list for PBXProject "SaveTheKittensExceptTheHairlessOnes" */;
			compatibilityVersion = "Xcode 3.2";
			developmentRegion = English;
			hasScannedForEncodings = 0;
			knownRegions = (
				en,
				Base,
			);
			mainGroup = FAD3035E2045D99200B78B24;
			productRefGroup = FAD303682045D99200B78B24 /* Products */;
			projectDirPath = "";
			projectRoot = "";
			targets = (
				FAD303662045D99200B78B24 /* SaveTheKittensExceptTheHairlessOnes */,
			);
		};
/* End PBXProject section */

/* Begin PBXResourcesBuildPhase section */
		FAD303652045D99200B78B24 /* Resources */ = {
			isa = PBXResourcesBuildPhase;
			buildActionMask = 2147483647;
			files = (
				FAD303752045D99200B78B24 /* LaunchScreen.storyboard in Resources */,
				FAD303722045D99200B78B24 /* Assets.xcassets in Resources */,
				FAD303702045D99200B78B24 /* Main.storyboard in Resources */,
			);
			runOnlyForDeploymentPostprocessing = 0;
		};
/* End PBXResourcesBuildPhase section */

/* Begin PBXSourcesBuildPhase section */
		FAD303632045D99200B78B24 /* Sources */ = {
			isa = PBXSourcesBuildPhase;
			buildActionMask = 2147483647;
			files = (
				FAD3036D2045D99200B78B24 /* ViewController.swift in Sources */,
				FAD3036B2045D99200B78B24 /* AppDelegate.swift in Sources */,
			);
			runOnlyForDeploymentPostprocessing = 0;
		};
/* End PBXSourcesBuildPhase section */

/* Begin PBXVariantGroup section */
		FAD3036E2045D99200B78B24 /* Main.storyboard */ = {
			isa = PBXVariantGroup;
			children = (
				FAD3036F2045D99200B78B24 /* Base */,
			);
			name = Main.storyboard;
			sourceTree = "<group>";
		};
		FAD303732045D99200B78B24 /* LaunchScreen.storyboard */ = {
			isa = PBXVariantGroup;
			children = (
				FAD303742045D99200B78B24 /* Base */,
			);
			name = LaunchScreen.storyboard;
			sourceTree = "<group>";
		};
/* End PBXVariantGroup section */

/* Begin XCBuildConfiguration section */
		FAD303772045D99200B78B24 /* Debug */ = {
			isa = XCBuildConfiguration;
			buildSettings = {
				ALWAYS_SEARCH_USER_PATHS = NO;
				CLANG_ANALYZER_NONNULL = YES;
				CLANG_ANALYZER_NUMBER_OBJECT_CONVERSION = YES_AGGRESSIVE;
				CLANG_CXX_LANGUAGE_STANDARD = "gnu++0x";
				CLANG_CXX_LIBRARY = "libc++";
				CLANG_ENABLE_MODULES = YES;
				CLANG_ENABLE_OBJC_ARC = YES;
				CLANG_WARN_BOOL_CONVERSION = YES;
				CLANG_WARN_CONSTANT_CONVERSION = YES;
				CLANG_WARN_DIRECT_OBJC_ISA_USAGE = YES_ERROR;
				CLANG_WARN_DOCUMENTATION_COMMENTS = YES;
				CLANG_WARN_EMPTY_BODY = YES;
				CLANG_WARN_ENUM_CONVERSION = YES;
				CLANG_WARN_INFINITE_RECURSION = YES;
				CLANG_WARN_INT_CONVERSION = YES;
				CLANG_WARN_OBJC_ROOT_CLASS = YES_ERROR;
				CLANG_WARN_SUSPICIOUS_MOVE = YES;
				CLANG_WARN_UNREACHABLE_CODE = YES;
				CLANG_WARN__DUPLICATE_METHOD_MATCH = YES;
				"CODE_SIGN_IDENTITY[sdk=iphoneos*]" = "iPhone Developer";
				COPY_PHASE_STRIP = NO;
				DEBUG_INFORMATION_FORMAT = dwarf;
				ENABLE_STRICT_OBJC_MSGSEND = YES;
				ENABLE_TESTABILITY = YES;
				GCC_C_LANGUAGE_STANDARD = gnu99;
				GCC_DYNAMIC_NO_PIC = NO;
				GCC_NO_COMMON_BLOCKS = YES;
				GCC_OPTIMIZATION_LEVEL = 0;
				GCC_PREPROCESSOR_DEFINITIONS = (
					"DEBUG=1",
					"$(inherited)",
				);
				GCC_WARN_64_TO_32_BIT_CONVERSION = YES;
				GCC_WARN_ABOUT_RETURN_TYPE = YES_ERROR;
				GCC_WARN_UNDECLARED_SELECTOR = YES;
				GCC_WARN_UNINITIALIZED_AUTOS = YES_AGGRESSIVE;
				GCC_WARN_UNUSED_FUNCTION = YES;
				GCC_WARN_UNUSED_VARIABLE = YES;
				IPHONEOS_DEPLOYMENT_TARGET = 10.3;
				MTL_ENABLE_DEBUG_INFO = YES;
				ONLY_ACTIVE_ARCH = YES;
				SDKROOT = iphoneos;
				SWIFT_ACTIVE_COMPILATION_CONDITIONS = DEBUG;
				SWIFT_OPTIMIZATION_LEVEL = "-Onone";
				TARGETED_DEVICE_FAMILY = "1,2";
			};
			name = Debug;
		};
		FAD303782045D99200B78B24 /* Release */ = {
			isa = XCBuildConfiguration;
			buildSettings = {
				ALWAYS_SEARCH_USER_PATHS = NO;
				CLANG_ANALYZER_NONNULL = YES;
				CLANG_ANALYZER_NUMBER_OBJECT_CONVERSION = YES_AGGRESSIVE;
				CLANG_CXX_LANGUAGE_STANDARD = "gnu++0x";
				CLANG_CXX_LIBRARY = "libc++";
				CLANG_ENABLE_MODULES = YES;
				CLANG_ENABLE_OBJC_ARC = YES;
				CLANG_WARN_BOOL_CONVERSION = YES;
				CLANG_WARN_CONSTANT_CONVERSION = YES;
				CLANG_WARN_DIRECT_OBJC_ISA_USAGE = YES_ERROR;
				CLANG_WARN_DOCUMENTATION_COMMENTS = YES;
				CLANG_WARN_EMPTY_BODY = YES;
				CLANG_WARN_ENUM_CONVERSION = YES;
				CLANG_WARN_INFINITE_RECURSION = YES;
				CLANG_WARN_INT_CONVERSION = YES;
				CLANG_WARN_OBJC_ROOT_CLASS = YES_ERROR;
				CLANG_WARN_SUSPICIOUS_MOVE = YES;
				CLANG_WARN_UNREACHABLE_CODE = YES;
				CLANG_WARN__DUPLICATE_METHOD_MATCH = YES;
				"CODE_SIGN_IDENTITY[sdk=iphoneos*]" = "iPhone Developer";
				COPY_PHASE_STRIP = NO;
				DEBUG_INFORMATION_FORMAT = "dwarf-with-dsym";
				ENABLE_NS_ASSERTIONS = NO;
				ENABLE_STRICT_OBJC_MSGSEND = YES;
				GCC_C_LANGUAGE_STANDARD = gnu99;
				GCC_NO_COMMON_BLOCKS = YES;
				GCC_WARN_64_TO_32_BIT_CONVERSION = YES;
				GCC_WARN_ABOUT_RETURN_TYPE = YES_ERROR;
				GCC_WARN_UNDECLARED_SELECTOR = YES;
				GCC_WARN_UNINITIALIZED_AUTOS = YES_AGGRESSIVE;
				GCC_WARN_UNUSED_FUNCTION = YES;
				GCC_WARN_UNUSED_VARIABLE = YES;
				IPHONEOS_DEPLOYMENT_TARGET = 10.3;
				MTL_ENABLE_DEBUG_INFO = NO;
				SDKROOT = iphoneos;
				SWIFT_OPTIMIZATION_LEVEL = "-Owholemodule";
				TARGETED_DEVICE_FAMILY = "1,2";
				VALIDATE_PRODUCT = YES;
			};
			name = Release;
		};
		FAD3037A2045D99200B78B24 /* Debug */ = {
			isa = XCBuildConfiguration;
			buildSettings = {
				ASSETCATALOG_COMPILER_APPICON_NAME = AppIcon;
				DEVELOPMENT_TEAM = LM67982NF5;
				INFOPLIST_FILE = SaveTheKittensExceptTheHairlessOnes/Info.plist;
				LD_RUNPATH_SEARCH_PATHS = "$(inherited) @executable_path/Frameworks";
				PRODUCT_BUNDLE_IDENTIFIER = com.shaheen.SaveTheKittensExceptTheHairlessOnes;
				PRODUCT_NAME = "$(TARGET_NAME)";
				SWIFT_VERSION = 3.0;
			};
			name = Debug;
		};
		FAD3037B2045D99200B78B24 /* Release */ = {
			isa = XCBuildConfiguration;
			buildSettings = {
				ASSETCATALOG_COMPILER_APPICON_NAME = AppIcon;
				DEVELOPMENT_TEAM = LM67982NF5;
				INFOPLIST_FILE = SaveTheKittensExceptTheHairlessOnes/Info.plist;
				LD_RUNPATH_SEARCH_PATHS = "$(inherited) @executable_path/Frameworks";
				PRODUCT_BUNDLE_IDENTIFIER = com.shaheen.SaveTheKittensExceptTheHairlessOnes;
				PRODUCT_NAME = "$(TARGET_NAME)";
				SWIFT_VERSION = 3.0;
			};
			name = Release;
		};
/* End XCBuildConfiguration section */

/* Begin XCConfigurationList section */
		FAD303622045D99200B78B24 /* Build configuration list for PBXProject "SaveTheKittensExceptTheHairlessOnes" */ = {
			isa = XCConfigurationList;
			buildConfigurations = (
				FAD303772045D99200B78B24 /* Debug */,
				FAD303782045D99200B78B24 /* Release */,
			);
			defaultConfigurationIsVisible = 0;
			defaultConfigurationName = Release;
		};
		FAD303792045D99200B78B24 /* Build configuration list for PBXNativeTarget "SaveTheKittensExceptTheHairlessOnes" */ = {
			isa = XCConfigurationList;
			buildConfigurations = (
				FAD3037A2045D99200B78B24 /* Debug */,
				FAD3037B2045D99200B78B24 /* Release */,
			);
			defaultConfigurationIsVisible = 0;
		};
/* End XCConfigurationList section */
	};
	rootObject = FAD3035F2045D99200B78B24 /* Project object */;
}
